<Solution>
  <Configurations>
    <Platform Name="Any CPU" />
    <Platform Name="x64" />
    <Platform Name="x86" />
  </Configurations>
  <Folder Name="/src/">
    <Project Path="src/Emuratch.Core.Test/Emuratch.Core.Test.csproj" />
  </Folder>
  <Project Path="src/Emuratch.Core/Emuratch.Core.csproj" />
  <Project Path="src/Emuratch.Render/Emuratch.Render.csproj" />
  <Project Path="src/Emuratch.UI/Emuratch.UI.csproj" />
  <Project Path="src/Emuratch/Emuratch.csproj" />
</Solution>
